
Microsoft Visual Studio Solution File, Format Version 12.00
# Visual Studio Version 17
VisualStudioVersion = 17.5.33627.172
MinimumVisualStudioVersion = 10.0.40219.1
Project("{FAE04EC0-301F-11D3-BF4B-00C04F79EFBC}") = "Desafio_Online_Applications.Core", "Desafio_Online_Applications.Core\Desafio_Online_Applications.Core.csproj", "{CF13D9A9-ABF8-47F9-8EC9-1B6808F9CBE7}"
EndProject
Project("{FAE04EC0-301F-11D3-BF4B-00C04F79EFBC}") = "Desafio_Online_Applications.API", "Desafio_Online_Applications.API\Desafio_Online_Applications.API.csproj", "{85E864AA-4AED-489F-919B-3334E436C60E}"
EndProject
Global
	GlobalSection(SolutionConfigurationPlatforms) = preSolution
		Debug|Any CPU = Debug|Any CPU
		Release|Any CPU = Release|Any CPU
	EndGlobalSection
	GlobalSection(ProjectConfigurationPlatforms) = postSolution
		{CF13D9A9-ABF8-47F9-8EC9-1B6808F9CBE7}.Debug|Any CPU.ActiveCfg = Debug|Any CPU
		{CF13D9A9-ABF8-47F9-8EC9-1B6808F9CBE7}.Debug|Any CPU.Build.0 = Debug|Any CPU
		{CF13D9A9-ABF8-47F9-8EC9-1B6808F9CBE7}.Release|Any CPU.ActiveCfg = Release|Any CPU
		{CF13D9A9-ABF8-47F9-8EC9-1B6808F9CBE7}.Release|Any CPU.Build.0 = Release|Any CPU
		{85E864AA-4AED-489F-919B-3334E436C60E}.Debug|Any CPU.ActiveCfg = Debug|Any CPU
		{85E864AA-4AED-489F-919B-3334E436C60E}.Debug|Any CPU.Build.0 = Debug|Any CPU
		{85E864AA-4AED-489F-919B-3334E436C60E}.Release|Any CPU.ActiveCfg = Release|Any CPU
		{85E864AA-4AED-489F-919B-3334E436C60E}.Release|Any CPU.Build.0 = Release|Any CPU
	EndGlobalSection
	GlobalSection(SolutionProperties) = preSolution
		HideSolutionNode = FALSE
	EndGlobalSection
	GlobalSection(ExtensibilityGlobals) = postSolution
		SolutionGuid = {92C033D2-AF21-42F2-8BD4-67E6C796FF6B}
	EndGlobalSection
EndGlobal
